
Microsoft Visual Studio Solution File, Format Version 12.00
# Visual Studio 15
VisualStudioVersion = 15.0.27703.2035
MinimumVisualStudioVersion = 10.0.40219.1
Project("{FAE04EC0-301F-11D3-BF4B-00C04F79EFBC}") = "Shop.Common", "Shop.Common\Shop.Common.csproj", "{1AA295E4-3B3C-4E6A-BE0D-EC62C63479F9}"
EndProject
Project("{2150E333-8FDC-42A3-9474-1A3956D46DE8}") = "Backend", "Backend", "{BE1EAEDA-FD30-448C-8232-2E618A008C0E}"
EndProject
Project("{2150E333-8FDC-42A3-9474-1A3956D46DE8}") = "Frontend", "Frontend", "{811FB91D-6A6B-41B1-84B7-EAAA187DEA6E}"
EndProject
Project("{FAE04EC0-301F-11D3-BF4B-00C04F79EFBC}") = "Shop.Web", "Shop.Web\Shop.Web.csproj", "{3C3222FB-EC03-4AF0-B836-EF40A0514F1E}"
EndProject
Project("{2150E333-8FDC-42A3-9474-1A3956D46DE8}") = "Forms", "Forms", "{46989F48-86DC-4885-9A83-836B9FBB8048}"
EndProject
Project("{2150E333-8FDC-42A3-9474-1A3956D46DE8}") = "Classic", "Classic", "{81BEE21B-75C1-488D-A40F-BEEE54F4A038}"
EndProject
Project("{FAE04EC0-301F-11D3-BF4B-00C04F79EFBC}") = "Shop.UIForms.Android", "Shop.UIForms\Shop.UIForms.Android\Shop.UIForms.Android.csproj", "{CE7179C0-6705-456C-A5C3-EDDB65592720}"
EndProject
Project("{FAE04EC0-301F-11D3-BF4B-00C04F79EFBC}") = "Shop.UIForms.iOS", "Shop.UIForms\Shop.UIForms.iOS\Shop.UIForms.iOS.csproj", "{F57F797C-E2E2-4982-ACCF-B3C03054120F}"
EndProject
Project("{FAE04EC0-301F-11D3-BF4B-00C04F79EFBC}") = "Shop.UIForms", "Shop.UIForms\Shop.UIForms\Shop.UIForms.csproj", "{B5D44988-AB9E-4F8C-8418-AF53E341CCE7}"
EndProject
Project("{FAE04EC0-301F-11D3-BF4B-00C04F79EFBC}") = "Shop.UIClassic", "Shop.UIClassic\Shop.UIClassic.csproj", "{8871A882-52CD-426B-B57E-2684FD53329B}"
EndProject
Project("{FAE04EC0-301F-11D3-BF4B-00C04F79EFBC}") = "Shop.UIClassic.Android", "Shop.UIClassic.Android\Shop.UIClassic.Android.csproj", "{7337D764-3AD8-4CC7-B873-DD2C25E77FF7}"
EndProject
Project("{FAE04EC0-301F-11D3-BF4B-00C04F79EFBC}") = "Shop.UIClassic.iOS", "Shop.UIClassic.iOS\Shop.UIClassic.iOS.csproj", "{80A96B52-6758-4BDB-B0B4-CEA4CA155C60}"
EndProject
Global
	GlobalSection(SolutionConfigurationPlatforms) = preSolution
		Ad-Hoc|Any CPU = Ad-Hoc|Any CPU
		Ad-Hoc|iPhone = Ad-Hoc|iPhone
		Ad-Hoc|iPhoneSimulator = Ad-Hoc|iPhoneSimulator
		AppStore|Any CPU = AppStore|Any CPU
		AppStore|iPhone = AppStore|iPhone
		AppStore|iPhoneSimulator = AppStore|iPhoneSimulator
		Debug|Any CPU = Debug|Any CPU
		Debug|iPhone = Debug|iPhone
		Debug|iPhoneSimulator = Debug|iPhoneSimulator
		Release|Any CPU = Release|Any CPU
		Release|iPhone = Release|iPhone
		Release|iPhoneSimulator = Release|iPhoneSimulator
	EndGlobalSection
	GlobalSection(ProjectConfigurationPlatforms) = postSolution
		{1AA295E4-3B3C-4E6A-BE0D-EC62C63479F9}.Ad-Hoc|Any CPU.ActiveCfg = Debug|Any CPU
		{1AA295E4-3B3C-4E6A-BE0D-EC62C63479F9}.Ad-Hoc|Any CPU.Build.0 = Debug|Any CPU
		{1AA295E4-3B3C-4E6A-BE0D-EC62C63479F9}.Ad-Hoc|iPhone.ActiveCfg = Debug|Any CPU
		{1AA295E4-3B3C-4E6A-BE0D-EC62C63479F9}.Ad-Hoc|iPhone.Build.0 = Debug|Any CPU
		{1AA295E4-3B3C-4E6A-BE0D-EC62C63479F9}.Ad-Hoc|iPhoneSimulator.ActiveCfg = Debug|Any CPU
		{1AA295E4-3B3C-4E6A-BE0D-EC62C63479F9}.Ad-Hoc|iPhoneSimulator.Build.0 = Debug|Any CPU
		{1AA295E4-3B3C-4E6A-BE0D-EC62C63479F9}.AppStore|Any CPU.ActiveCfg = Debug|Any CPU
		{1AA295E4-3B3C-4E6A-BE0D-EC62C63479F9}.AppStore|Any CPU.Build.0 = Debug|Any CPU
		{1AA295E4-3B3C-4E6A-BE0D-EC62C63479F9}.AppStore|iPhone.ActiveCfg = Debug|Any CPU
		{1AA295E4-3B3C-4E6A-BE0D-EC62C63479F9}.AppStore|iPhone.Build.0 = Debug|Any CPU
		{1AA295E4-3B3C-4E6A-BE0D-EC62C63479F9}.AppStore|iPhoneSimulator.ActiveCfg = Debug|Any CPU
		{1AA295E4-3B3C-4E6A-BE0D-EC62C63479F9}.AppStore|iPhoneSimulator.Build.0 = Debug|Any CPU
		{1AA295E4-3B3C-4E6A-BE0D-EC62C63479F9}.Debug|Any CPU.ActiveCfg = Debug|Any CPU
		{1AA295E4-3B3C-4E6A-BE0D-EC62C63479F9}.Debug|Any CPU.Build.0 = Debug|Any CPU
		{1AA295E4-3B3C-4E6A-BE0D-EC62C63479F9}.Debug|iPhone.ActiveCfg = Debug|Any CPU
		{1AA295E4-3B3C-4E6A-BE0D-EC62C63479F9}.Debug|iPhone.Build.0 = Debug|Any CPU
		{1AA295E4-3B3C-4E6A-BE0D-EC62C63479F9}.Debug|iPhoneSimulator.ActiveCfg = Debug|Any CPU
		{1AA295E4-3B3C-4E6A-BE0D-EC62C63479F9}.Debug|iPhoneSimulator.Build.0 = Debug|Any CPU
		{1AA295E4-3B3C-4E6A-BE0D-EC62C63479F9}.Release|Any CPU.ActiveCfg = Release|Any CPU
		{1AA295E4-3B3C-4E6A-BE0D-EC62C63479F9}.Release|Any CPU.Build.0 = Release|Any CPU
		{1AA295E4-3B3C-4E6A-BE0D-EC62C63479F9}.Release|iPhone.ActiveCfg = Release|Any CPU
		{1AA295E4-3B3C-4E6A-BE0D-EC62C63479F9}.Release|iPhone.Build.0 = Release|Any CPU
		{1AA295E4-3B3C-4E6A-BE0D-EC62C63479F9}.Release|iPhoneSimulator.ActiveCfg = Release|Any CPU
		{1AA295E4-3B3C-4E6A-BE0D-EC62C63479F9}.Release|iPhoneSimulator.Build.0 = Release|Any CPU
		{3C3222FB-EC03-4AF0-B836-EF40A0514F1E}.Ad-Hoc|Any CPU.ActiveCfg = Debug|Any CPU
		{3C3222FB-EC03-4AF0-B836-EF40A0514F1E}.Ad-Hoc|Any CPU.Build.0 = Debug|Any CPU
		{3C3222FB-EC03-4AF0-B836-EF40A0514F1E}.Ad-Hoc|iPhone.ActiveCfg = Debug|Any CPU
		{3C3222FB-EC03-4AF0-B836-EF40A0514F1E}.Ad-Hoc|iPhone.Build.0 = Debug|Any CPU
		{3C3222FB-EC03-4AF0-B836-EF40A0514F1E}.Ad-Hoc|iPhoneSimulator.ActiveCfg = Debug|Any CPU
		{3C3222FB-EC03-4AF0-B836-EF40A0514F1E}.Ad-Hoc|iPhoneSimulator.Build.0 = Debug|Any CPU
		{3C3222FB-EC03-4AF0-B836-EF40A0514F1E}.AppStore|Any CPU.ActiveCfg = Debug|Any CPU
		{3C3222FB-EC03-4AF0-B836-EF40A0514F1E}.AppStore|Any CPU.Build.0 = Debug|Any CPU
		{3C3222FB-EC03-4AF0-B836-EF40A0514F1E}.AppStore|iPhone.ActiveCfg = Debug|Any CPU
		{3C3222FB-EC03-4AF0-B836-EF40A0514F1E}.AppStore|iPhone.Build.0 = Debug|Any CPU
		{3C3222FB-EC03-4AF0-B836-EF40A0514F1E}.AppStore|iPhoneSimulator.ActiveCfg = Debug|Any CPU
		{3C3222FB-EC03-4AF0-B836-EF40A0514F1E}.AppStore|iPhoneSimulator.Build.0 = Debug|Any CPU
		{3C3222FB-EC03-4AF0-B836-EF40A0514F1E}.Debug|Any CPU.ActiveCfg = Debug|Any CPU
		{3C3222FB-EC03-4AF0-B836-EF40A0514F1E}.Debug|Any CPU.Build.0 = Debug|Any CPU
		{3C3222FB-EC03-4AF0-B836-EF40A0514F1E}.Debug|iPhone.ActiveCfg = Debug|Any CPU
		{3C3222FB-EC03-4AF0-B836-EF40A0514F1E}.Debug|iPhone.Build.0 = Debug|Any CPU
		{3C3222FB-EC03-4AF0-B836-EF40A0514F1E}.Debug|iPhoneSimulator.ActiveCfg = Debug|Any CPU
		{3C3222FB-EC03-4AF0-B836-EF40A0514F1E}.Debug|iPhoneSimulator.Build.0 = Debug|Any CPU
		{3C3222FB-EC03-4AF0-B836-EF40A0514F1E}.Release|Any CPU.ActiveCfg = Release|Any CPU
		{3C3222FB-EC03-4AF0-B836-EF40A0514F1E}.Release|Any CPU.Build.0 = Release|Any CPU
		{3C3222FB-EC03-4AF0-B836-EF40A0514F1E}.Release|iPhone.ActiveCfg = Release|Any CPU
		{3C3222FB-EC03-4AF0-B836-EF40A0514F1E}.Release|iPhone.Build.0 = Release|Any CPU
		{3C3222FB-EC03-4AF0-B836-EF40A0514F1E}.Release|iPhoneSimulator.ActiveCfg = Release|Any CPU
		{3C3222FB-EC03-4AF0-B836-EF40A0514F1E}.Release|iPhoneSimulator.Build.0 = Release|Any CPU
		{CE7179C0-6705-456C-A5C3-EDDB65592720}.Ad-Hoc|Any CPU.ActiveCfg = Release|Any CPU
		{CE7179C0-6705-456C-A5C3-EDDB65592720}.Ad-Hoc|Any CPU.Build.0 = Release|Any CPU
		{CE7179C0-6705-456C-A5C3-EDDB65592720}.Ad-Hoc|Any CPU.Deploy.0 = Release|Any CPU
		{CE7179C0-6705-456C-A5C3-EDDB65592720}.Ad-Hoc|iPhone.ActiveCfg = Release|Any CPU
		{CE7179C0-6705-456C-A5C3-EDDB65592720}.Ad-Hoc|iPhone.Build.0 = Release|Any CPU
		{CE7179C0-6705-456C-A5C3-EDDB65592720}.Ad-Hoc|iPhone.Deploy.0 = Release|Any CPU
		{CE7179C0-6705-456C-A5C3-EDDB65592720}.Ad-Hoc|iPhoneSimulator.ActiveCfg = Release|Any CPU
		{CE7179C0-6705-456C-A5C3-EDDB65592720}.Ad-Hoc|iPhoneSimulator.Build.0 = Release|Any CPU
		{CE7179C0-6705-456C-A5C3-EDDB65592720}.Ad-Hoc|iPhoneSimulator.Deploy.0 = Release|Any CPU
		{CE7179C0-6705-456C-A5C3-EDDB65592720}.AppStore|Any CPU.ActiveCfg = Release|Any CPU
		{CE7179C0-6705-456C-A5C3-EDDB65592720}.AppStore|Any CPU.Build.0 = Release|Any CPU
		{CE7179C0-6705-456C-A5C3-EDDB65592720}.AppStore|Any CPU.Deploy.0 = Release|Any CPU
		{CE7179C0-6705-456C-A5C3-EDDB65592720}.AppStore|iPhone.ActiveCfg = Release|Any CPU
		{CE7179C0-6705-456C-A5C3-EDDB65592720}.AppStore|iPhone.Build.0 = Release|Any CPU
		{CE7179C0-6705-456C-A5C3-EDDB65592720}.AppStore|iPhone.Deploy.0 = Release|Any CPU
		{CE7179C0-6705-456C-A5C3-EDDB65592720}.AppStore|iPhoneSimulator.ActiveCfg = Release|Any CPU
		{CE7179C0-6705-456C-A5C3-EDDB65592720}.AppStore|iPhoneSimulator.Build.0 = Release|Any CPU
		{CE7179C0-6705-456C-A5C3-EDDB65592720}.AppStore|iPhoneSimulator.Deploy.0 = Release|Any CPU
		{CE7179C0-6705-456C-A5C3-EDDB65592720}.Debug|Any CPU.ActiveCfg = Debug|Any CPU
		{CE7179C0-6705-456C-A5C3-EDDB65592720}.Debug|Any CPU.Build.0 = Debug|Any CPU
		{CE7179C0-6705-456C-A5C3-EDDB65592720}.Debug|Any CPU.Deploy.0 = Debug|Any CPU
		{CE7179C0-6705-456C-A5C3-EDDB65592720}.Debug|iPhone.ActiveCfg = Debug|Any CPU
		{CE7179C0-6705-456C-A5C3-EDDB65592720}.Debug|iPhone.Build.0 = Debug|Any CPU
		{CE7179C0-6705-456C-A5C3-EDDB65592720}.Debug|iPhone.Deploy.0 = Debug|Any CPU
		{CE7179C0-6705-456C-A5C3-EDDB65592720}.Debug|iPhoneSimulator.ActiveCfg = Debug|Any CPU
		{CE7179C0-6705-456C-A5C3-EDDB65592720}.Debug|iPhoneSimulator.Build.0 = Debug|Any CPU
		{CE7179C0-6705-456C-A5C3-EDDB65592720}.Debug|iPhoneSimulator.Deploy.0 = Debug|Any CPU
		{CE7179C0-6705-456C-A5C3-EDDB65592720}.Release|Any CPU.ActiveCfg = Release|Any CPU
		{CE7179C0-6705-456C-A5C3-EDDB65592720}.Release|Any CPU.Build.0 = Release|Any CPU
		{CE7179C0-6705-456C-A5C3-EDDB65592720}.Release|Any CPU.Deploy.0 = Release|Any CPU
		{CE7179C0-6705-456C-A5C3-EDDB65592720}.Release|iPhone.ActiveCfg = Release|Any CPU
		{CE7179C0-6705-456C-A5C3-EDDB65592720}.Release|iPhone.Build.0 = Release|Any CPU
		{CE7179C0-6705-456C-A5C3-EDDB65592720}.Release|iPhone.Deploy.0 = Release|Any CPU
		{CE7179C0-6705-456C-A5C3-EDDB65592720}.Release|iPhoneSimulator.ActiveCfg = Release|Any CPU
		{CE7179C0-6705-456C-A5C3-EDDB65592720}.Release|iPhoneSimulator.Build.0 = Release|Any CPU
		{CE7179C0-6705-456C-A5C3-EDDB65592720}.Release|iPhoneSimulator.Deploy.0 = Release|Any CPU
		{F57F797C-E2E2-4982-ACCF-B3C03054120F}.Ad-Hoc|Any CPU.ActiveCfg = Ad-Hoc|iPhone
		{F57F797C-E2E2-4982-ACCF-B3C03054120F}.Ad-Hoc|iPhone.ActiveCfg = Ad-Hoc|iPhone
		{F57F797C-E2E2-4982-ACCF-B3C03054120F}.Ad-Hoc|iPhone.Build.0 = Ad-Hoc|iPhone
		{F57F797C-E2E2-4982-ACCF-B3C03054120F}.Ad-Hoc|iPhoneSimulator.ActiveCfg = Ad-Hoc|iPhoneSimulator
		{F57F797C-E2E2-4982-ACCF-B3C03054120F}.Ad-Hoc|iPhoneSimulator.Build.0 = Ad-Hoc|iPhoneSimulator
		{F57F797C-E2E2-4982-ACCF-B3C03054120F}.AppStore|Any CPU.ActiveCfg = AppStore|iPhone
		{F57F797C-E2E2-4982-ACCF-B3C03054120F}.AppStore|iPhone.ActiveCfg = AppStore|iPhone
		{F57F797C-E2E2-4982-ACCF-B3C03054120F}.AppStore|iPhone.Build.0 = AppStore|iPhone
		{F57F797C-E2E2-4982-ACCF-B3C03054120F}.AppStore|iPhoneSimulator.ActiveCfg = AppStore|iPhoneSimulator
		{F57F797C-E2E2-4982-ACCF-B3C03054120F}.AppStore|iPhoneSimulator.Build.0 = AppStore|iPhoneSimulator
		{F57F797C-E2E2-4982-ACCF-B3C03054120F}.Debug|Any CPU.ActiveCfg = Debug|iPhone
		{F57F797C-E2E2-4982-ACCF-B3C03054120F}.Debug|iPhone.ActiveCfg = Debug|iPhone
		{F57F797C-E2E2-4982-ACCF-B3C03054120F}.Debug|iPhone.Build.0 = Debug|iPhone
		{F57F797C-E2E2-4982-ACCF-B3C03054120F}.Debug|iPhoneSimulator.ActiveCfg = Debug|iPhoneSimulator
		{F57F797C-E2E2-4982-ACCF-B3C03054120F}.Debug|iPhoneSimulator.Build.0 = Debug|iPhoneSimulator
		{F57F797C-E2E2-4982-ACCF-B3C03054120F}.Release|Any CPU.ActiveCfg = Release|iPhone
		{F57F797C-E2E2-4982-ACCF-B3C03054120F}.Release|iPhone.ActiveCfg = Release|iPhone
		{F57F797C-E2E2-4982-ACCF-B3C03054120F}.Release|iPhone.Build.0 = Release|iPhone
		{F57F797C-E2E2-4982-ACCF-B3C03054120F}.Release|iPhoneSimulator.ActiveCfg = Release|iPhoneSimulator
		{F57F797C-E2E2-4982-ACCF-B3C03054120F}.Release|iPhoneSimulator.Build.0 = Release|iPhoneSimulator
		{B5D44988-AB9E-4F8C-8418-AF53E341CCE7}.Ad-Hoc|Any CPU.ActiveCfg = Debug|Any CPU
		{B5D44988-AB9E-4F8C-8418-AF53E341CCE7}.Ad-Hoc|Any CPU.Build.0 = Debug|Any CPU
		{B5D44988-AB9E-4F8C-8418-AF53E341CCE7}.Ad-Hoc|iPhone.ActiveCfg = Debug|Any CPU
		{B5D44988-AB9E-4F8C-8418-AF53E341CCE7}.Ad-Hoc|iPhone.Build.0 = Debug|Any CPU
		{B5D44988-AB9E-4F8C-8418-AF53E341CCE7}.Ad-Hoc|iPhoneSimulator.ActiveCfg = Debug|Any CPU
		{B5D44988-AB9E-4F8C-8418-AF53E341CCE7}.Ad-Hoc|iPhoneSimulator.Build.0 = Debug|Any CPU
		{B5D44988-AB9E-4F8C-8418-AF53E341CCE7}.AppStore|Any CPU.ActiveCfg = Debug|Any CPU
		{B5D44988-AB9E-4F8C-8418-AF53E341CCE7}.AppStore|Any CPU.Build.0 = Debug|Any CPU
		{B5D44988-AB9E-4F8C-8418-AF53E341CCE7}.AppStore|iPhone.ActiveCfg = Debug|Any CPU
		{B5D44988-AB9E-4F8C-8418-AF53E341CCE7}.AppStore|iPhone.Build.0 = Debug|Any CPU
		{B5D44988-AB9E-4F8C-8418-AF53E341CCE7}.AppStore|iPhoneSimulator.ActiveCfg = Debug|Any CPU
		{B5D44988-AB9E-4F8C-8418-AF53E341CCE7}.AppStore|iPhoneSimulator.Build.0 = Debug|Any CPU
		{B5D44988-AB9E-4F8C-8418-AF53E341CCE7}.Debug|Any CPU.ActiveCfg = Debug|Any CPU
		{B5D44988-AB9E-4F8C-8418-AF53E341CCE7}.Debug|Any CPU.Build.0 = Debug|Any CPU
		{B5D44988-AB9E-4F8C-8418-AF53E341CCE7}.Debug|iPhone.ActiveCfg = Debug|Any CPU
		{B5D44988-AB9E-4F8C-8418-AF53E341CCE7}.Debug|iPhone.Build.0 = Debug|Any CPU
		{B5D44988-AB9E-4F8C-8418-AF53E341CCE7}.Debug|iPhoneSimulator.ActiveCfg = Debug|Any CPU
		{B5D44988-AB9E-4F8C-8418-AF53E341CCE7}.Debug|iPhoneSimulator.Build.0 = Debug|Any CPU
		{B5D44988-AB9E-4F8C-8418-AF53E341CCE7}.Release|Any CPU.ActiveCfg = Release|Any CPU
		{B5D44988-AB9E-4F8C-8418-AF53E341CCE7}.Release|Any CPU.Build.0 = Release|Any CPU
		{B5D44988-AB9E-4F8C-8418-AF53E341CCE7}.Release|iPhone.ActiveCfg = Release|Any CPU
		{B5D44988-AB9E-4F8C-8418-AF53E341CCE7}.Release|iPhone.Build.0 = Release|Any CPU
		{B5D44988-AB9E-4F8C-8418-AF53E341CCE7}.Release|iPhoneSimulator.ActiveCfg = Release|Any CPU
		{B5D44988-AB9E-4F8C-8418-AF53E341CCE7}.Release|iPhoneSimulator.Build.0 = Release|Any CPU
		{8871A882-52CD-426B-B57E-2684FD53329B}.Ad-Hoc|Any CPU.ActiveCfg = Debug|Any CPU
		{8871A882-52CD-426B-B57E-2684FD53329B}.Ad-Hoc|Any CPU.Build.0 = Debug|Any CPU
		{8871A882-52CD-426B-B57E-2684FD53329B}.Ad-Hoc|iPhone.ActiveCfg = Debug|Any CPU
		{8871A882-52CD-426B-B57E-2684FD53329B}.Ad-Hoc|iPhone.Build.0 = Debug|Any CPU
		{8871A882-52CD-426B-B57E-2684FD53329B}.Ad-Hoc|iPhoneSimulator.ActiveCfg = Debug|Any CPU
		{8871A882-52CD-426B-B57E-2684FD53329B}.Ad-Hoc|iPhoneSimulator.Build.0 = Debug|Any CPU
		{8871A882-52CD-426B-B57E-2684FD53329B}.AppStore|Any CPU.ActiveCfg = Debug|Any CPU
		{8871A882-52CD-426B-B57E-2684FD53329B}.AppStore|Any CPU.Build.0 = Debug|Any CPU
		{8871A882-52CD-426B-B57E-2684FD53329B}.AppStore|iPhone.ActiveCfg = Debug|Any CPU
		{8871A882-52CD-426B-B57E-2684FD53329B}.AppStore|iPhone.Build.0 = Debug|Any CPU
		{8871A882-52CD-426B-B57E-2684FD53329B}.AppStore|iPhoneSimulator.ActiveCfg = Debug|Any CPU
		{8871A882-52CD-426B-B57E-2684FD53329B}.AppStore|iPhoneSimulator.Build.0 = Debug|Any CPU
		{8871A882-52CD-426B-B57E-2684FD53329B}.Debug|Any CPU.ActiveCfg = Debug|Any CPU
		{8871A882-52CD-426B-B57E-2684FD53329B}.Debug|Any CPU.Build.0 = Debug|Any CPU
		{8871A882-52CD-426B-B57E-2684FD53329B}.Debug|iPhone.ActiveCfg = Debug|Any CPU
		{8871A882-52CD-426B-B57E-2684FD53329B}.Debug|iPhone.Build.0 = Debug|Any CPU
		{8871A882-52CD-426B-B57E-2684FD53329B}.Debug|iPhoneSimulator.ActiveCfg = Debug|Any CPU
		{8871A882-52CD-426B-B57E-2684FD53329B}.Debug|iPhoneSimulator.Build.0 = Debug|Any CPU
		{8871A882-52CD-426B-B57E-2684FD53329B}.Release|Any CPU.ActiveCfg = Release|Any CPU
		{8871A882-52CD-426B-B57E-2684FD53329B}.Release|Any CPU.Build.0 = Release|Any CPU
		{8871A882-52CD-426B-B57E-2684FD53329B}.Release|iPhone.ActiveCfg = Release|Any CPU
		{8871A882-52CD-426B-B57E-2684FD53329B}.Release|iPhone.Build.0 = Release|Any CPU
		{8871A882-52CD-426B-B57E-2684FD53329B}.Release|iPhoneSimulator.ActiveCfg = Release|Any CPU
		{8871A882-52CD-426B-B57E-2684FD53329B}.Release|iPhoneSimulator.Build.0 = Release|Any CPU
		{7337D764-3AD8-4CC7-B873-DD2C25E77FF7}.Ad-Hoc|Any CPU.ActiveCfg = Release|Any CPU
		{7337D764-3AD8-4CC7-B873-DD2C25E77FF7}.Ad-Hoc|Any CPU.Build.0 = Release|Any CPU
		{7337D764-3AD8-4CC7-B873-DD2C25E77FF7}.Ad-Hoc|Any CPU.Deploy.0 = Release|Any CPU
		{7337D764-3AD8-4CC7-B873-DD2C25E77FF7}.Ad-Hoc|iPhone.ActiveCfg = Release|Any CPU
		{7337D764-3AD8-4CC7-B873-DD2C25E77FF7}.Ad-Hoc|iPhone.Build.0 = Release|Any CPU
		{7337D764-3AD8-4CC7-B873-DD2C25E77FF7}.Ad-Hoc|iPhone.Deploy.0 = Release|Any CPU
		{7337D764-3AD8-4CC7-B873-DD2C25E77FF7}.Ad-Hoc|iPhoneSimulator.ActiveCfg = Release|Any CPU
		{7337D764-3AD8-4CC7-B873-DD2C25E77FF7}.Ad-Hoc|iPhoneSimulator.Build.0 = Release|Any CPU
		{7337D764-3AD8-4CC7-B873-DD2C25E77FF7}.Ad-Hoc|iPhoneSimulator.Deploy.0 = Release|Any CPU
		{7337D764-3AD8-4CC7-B873-DD2C25E77FF7}.AppStore|Any CPU.ActiveCfg = Release|Any CPU
		{7337D764-3AD8-4CC7-B873-DD2C25E77FF7}.AppStore|Any CPU.Build.0 = Release|Any CPU
		{7337D764-3AD8-4CC7-B873-DD2C25E77FF7}.AppStore|Any CPU.Deploy.0 = Release|Any CPU
		{7337D764-3AD8-4CC7-B873-DD2C25E77FF7}.AppStore|iPhone.ActiveCfg = Release|Any CPU
		{7337D764-3AD8-4CC7-B873-DD2C25E77FF7}.AppStore|iPhone.Build.0 = Release|Any CPU
		{7337D764-3AD8-4CC7-B873-DD2C25E77FF7}.AppStore|iPhone.Deploy.0 = Release|Any CPU
		{7337D764-3AD8-4CC7-B873-DD2C25E77FF7}.AppStore|iPhoneSimulator.ActiveCfg = Release|Any CPU
		{7337D764-3AD8-4CC7-B873-DD2C25E77FF7}.AppStore|iPhoneSimulator.Build.0 = Release|Any CPU
		{7337D764-3AD8-4CC7-B873-DD2C25E77FF7}.AppStore|iPhoneSimulator.Deploy.0 = Release|Any CPU
		{7337D764-3AD8-4CC7-B873-DD2C25E77FF7}.Debug|Any CPU.ActiveCfg = Debug|Any CPU
		{7337D764-3AD8-4CC7-B873-DD2C25E77FF7}.Debug|Any CPU.Build.0 = Debug|Any CPU
		{7337D764-3AD8-4CC7-B873-DD2C25E77FF7}.Debug|Any CPU.Deploy.0 = Debug|Any CPU
		{7337D764-3AD8-4CC7-B873-DD2C25E77FF7}.Debug|iPhone.ActiveCfg = Debug|Any CPU
		{7337D764-3AD8-4CC7-B873-DD2C25E77FF7}.Debug|iPhone.Build.0 = Debug|Any CPU
		{7337D764-3AD8-4CC7-B873-DD2C25E77FF7}.Debug|iPhone.Deploy.0 = Debug|Any CPU
		{7337D764-3AD8-4CC7-B873-DD2C25E77FF7}.Debug|iPhoneSimulator.ActiveCfg = Debug|Any CPU
		{7337D764-3AD8-4CC7-B873-DD2C25E77FF7}.Debug|iPhoneSimulator.Build.0 = Debug|Any CPU
		{7337D764-3AD8-4CC7-B873-DD2C25E77FF7}.Debug|iPhoneSimulator.Deploy.0 = Debug|Any CPU
		{7337D764-3AD8-4CC7-B873-DD2C25E77FF7}.Release|Any CPU.ActiveCfg = Release|Any CPU
		{7337D764-3AD8-4CC7-B873-DD2C25E77FF7}.Release|Any CPU.Build.0 = Release|Any CPU
		{7337D764-3AD8-4CC7-B873-DD2C25E77FF7}.Release|Any CPU.Deploy.0 = Release|Any CPU
		{7337D764-3AD8-4CC7-B873-DD2C25E77FF7}.Release|iPhone.ActiveCfg = Release|Any CPU
		{7337D764-3AD8-4CC7-B873-DD2C25E77FF7}.Release|iPhone.Build.0 = Release|Any CPU
		{7337D764-3AD8-4CC7-B873-DD2C25E77FF7}.Release|iPhone.Deploy.0 = Release|Any CPU
		{7337D764-3AD8-4CC7-B873-DD2C25E77FF7}.Release|iPhoneSimulator.ActiveCfg = Release|Any CPU
		{7337D764-3AD8-4CC7-B873-DD2C25E77FF7}.Release|iPhoneSimulator.Build.0 = Release|Any CPU
		{7337D764-3AD8-4CC7-B873-DD2C25E77FF7}.Release|iPhoneSimulator.Deploy.0 = Release|Any CPU
		{80A96B52-6758-4BDB-B0B4-CEA4CA155C60}.Ad-Hoc|Any CPU.ActiveCfg = Release|iPhone
		{80A96B52-6758-4BDB-B0B4-CEA4CA155C60}.Ad-Hoc|Any CPU.Build.0 = Release|iPhone
		{80A96B52-6758-4BDB-B0B4-CEA4CA155C60}.Ad-Hoc|iPhone.ActiveCfg = Release|iPhone
		{80A96B52-6758-4BDB-B0B4-CEA4CA155C60}.Ad-Hoc|iPhone.Build.0 = Release|iPhone
		{80A96B52-6758-4BDB-B0B4-CEA4CA155C60}.Ad-Hoc|iPhoneSimulator.ActiveCfg = Release|iPhoneSimulator
		{80A96B52-6758-4BDB-B0B4-CEA4CA155C60}.Ad-Hoc|iPhoneSimulator.Build.0 = Release|iPhoneSimulator
		{80A96B52-6758-4BDB-B0B4-CEA4CA155C60}.AppStore|Any CPU.ActiveCfg = Release|iPhone
		{80A96B52-6758-4BDB-B0B4-CEA4CA155C60}.AppStore|Any CPU.Build.0 = Release|iPhone
		{80A96B52-6758-4BDB-B0B4-CEA4CA155C60}.AppStore|iPhone.ActiveCfg = Release|iPhone
		{80A96B52-6758-4BDB-B0B4-CEA4CA155C60}.AppStore|iPhone.Build.0 = Release|iPhone
		{80A96B52-6758-4BDB-B0B4-CEA4CA155C60}.AppStore|iPhoneSimulator.ActiveCfg = Release|iPhoneSimulator
		{80A96B52-6758-4BDB-B0B4-CEA4CA155C60}.AppStore|iPhoneSimulator.Build.0 = Release|iPhoneSimulator
		{80A96B52-6758-4BDB-B0B4-CEA4CA155C60}.Debug|Any CPU.ActiveCfg = Debug|iPhone
		{80A96B52-6758-4BDB-B0B4-CEA4CA155C60}.Debug|iPhone.ActiveCfg = Debug|iPhone
		{80A96B52-6758-4BDB-B0B4-CEA4CA155C60}.Debug|iPhone.Build.0 = Debug|iPhone
		{80A96B52-6758-4BDB-B0B4-CEA4CA155C60}.Debug|iPhoneSimulator.ActiveCfg = Debug|iPhoneSimulator
		{80A96B52-6758-4BDB-B0B4-CEA4CA155C60}.Debug|iPhoneSimulator.Build.0 = Debug|iPhoneSimulator
		{80A96B52-6758-4BDB-B0B4-CEA4CA155C60}.Release|Any CPU.ActiveCfg = Release|iPhone
		{80A96B52-6758-4BDB-B0B4-CEA4CA155C60}.Release|iPhone.ActiveCfg = Release|iPhone
		{80A96B52-6758-4BDB-B0B4-CEA4CA155C60}.Release|iPhone.Build.0 = Release|iPhone
		{80A96B52-6758-4BDB-B0B4-CEA4CA155C60}.Release|iPhoneSimulator.ActiveCfg = Release|iPhoneSimulator
		{80A96B52-6758-4BDB-B0B4-CEA4CA155C60}.Release|iPhoneSimulator.Build.0 = Release|iPhoneSimulator
	EndGlobalSection
	GlobalSection(SolutionProperties) = preSolution
		HideSolutionNode = FALSE
	EndGlobalSection
	GlobalSection(NestedProjects) = preSolution
		{3C3222FB-EC03-4AF0-B836-EF40A0514F1E} = {BE1EAEDA-FD30-448C-8232-2E618A008C0E}
		{46989F48-86DC-4885-9A83-836B9FBB8048} = {811FB91D-6A6B-41B1-84B7-EAAA187DEA6E}
		{81BEE21B-75C1-488D-A40F-BEEE54F4A038} = {811FB91D-6A6B-41B1-84B7-EAAA187DEA6E}
		{CE7179C0-6705-456C-A5C3-EDDB65592720} = {46989F48-86DC-4885-9A83-836B9FBB8048}
		{F57F797C-E2E2-4982-ACCF-B3C03054120F} = {46989F48-86DC-4885-9A83-836B9FBB8048}
		{B5D44988-AB9E-4F8C-8418-AF53E341CCE7} = {46989F48-86DC-4885-9A83-836B9FBB8048}
		{8871A882-52CD-426B-B57E-2684FD53329B} = {81BEE21B-75C1-488D-A40F-BEEE54F4A038}
		{7337D764-3AD8-4CC7-B873-DD2C25E77FF7} = {81BEE21B-75C1-488D-A40F-BEEE54F4A038}
		{80A96B52-6758-4BDB-B0B4-CEA4CA155C60} = {81BEE21B-75C1-488D-A40F-BEEE54F4A038}
	EndGlobalSection
	GlobalSection(ExtensibilityGlobals) = postSolution
		SolutionGuid = {903CED6F-752A-42E0-9E61-D4404AFF0AD7}
	EndGlobalSection
EndGlobal
